<?xml version="1.0" encoding="utf-8"?>
<Project ToolsVersion="4.0" xmlns="http://schemas.microsoft.com/developer/msbuild/2003">
  <ItemGroup>
    <Filter Include="Source Files">
      <UniqueIdentifier>{4FC737F1-C7A5-4376-A066-2A32D752A2FF}</UniqueIdentifier>
      <Extensions>cpp;c;cc;cxx;c++;cppm;ixx;def;odl;idl;hpj;bat;asm;asmx</Extensions>
    </Filter>
    <Filter Include="Header Files">
      <UniqueIdentifier>{93995380-89BD-4b04-88EB-625FBE52EBFB}</UniqueIdentifier>
      <Extensions>h;hh;hpp;hxx;h++;hm;inl;inc;ipp;xsd</Extensions>
    </Filter>
    <Filter Include="Resource Files">
      <UniqueIdentifier>{67DA6AB6-F800-4c08-8B7A-83BB121AAD01}</UniqueIdentifier>
      <Extensions>rc;ico;cur;bmp;dlg;rc2;rct;bin;rgs;gif;jpg;jpeg;jpe;resx;tiff;tif;png;wav;mfcribbon-ms</Extensions>
    </Filter>
    <Filter Include="Engine">
      <UniqueIdentifier>{cef10c56-d95c-40c5-b070-e4ee061b8442}</UniqueIdentifier>
    </Filter>
    <Filter Include="Header Files\Skills">
      <UniqueIdentifier>{484a0c24-32c2-4938-babe-2662a381aeee}</UniqueIdentifier>
    </Filter>
    <Filter Include="Header Files\Effects">
      <UniqueIdentifier>{ed91d78b-29c0-419d-b236-66f8aa313682}</UniqueIdentifier>
    </Filter>
  </ItemGroup>
  <ItemGroup>
    <ClCompile Include="Engine\CoreEngine.cpp">
      <Filter>Engine</Filter>
    </ClCompile>
    <ClCompile Include="Engine\CustomWindow.cpp">
      <Filter>Engine</Filter>
    </ClCompile>
    <ClCompile Include="Engine\GDIPlusManager.cpp">
      <Filter>Engine</Filter>
    </ClCompile>
    <ClCompile Include="Engine\Image.cpp">
      <Filter>Engine</Filter>
    </ClCompile>
    <ClCompile Include="Engine\StandardWindow.cpp">
      <Filter>Engine</Filter>
    </ClCompile>
    <ClCompile Include="Engine\Window.cpp">
      <Filter>Engine</Filter>
    </ClCompile>
    <ClCompile Include="Game.cpp">
      <Filter>Source Files</Filter>
    </ClCompile>
  </ItemGroup>
  <ItemGroup>
    <ClInclude Include="Engine\CoreEngine.h">
      <Filter>Engine</Filter>
    </ClInclude>
    <ClInclude Include="Engine\CustomWindow.h">
      <Filter>Engine</Filter>
    </ClInclude>
    <ClInclude Include="Engine\Engine.h">
      <Filter>Engine</Filter>
    </ClInclude>
    <ClInclude Include="Engine\GDIPlusManager.h">
      <Filter>Engine</Filter>
    </ClInclude>
    <ClInclude Include="Engine\Image.h">
      <Filter>Engine</Filter>
    </ClInclude>
    <ClInclude Include="Engine\ImageSprite.h">
      <Filter>Engine</Filter>
    </ClInclude>
    <ClInclude Include="Engine\Sprite.h">
      <Filter>Engine</Filter>
    </ClInclude>
    <ClInclude Include="Engine\StandardWindow.h">
      <Filter>Engine</Filter>
    </ClInclude>
    <ClInclude Include="Engine\Window.h">
      <Filter>Engine</Filter>
    </ClInclude>
    <ClInclude Include="resource.h">
      <Filter>Header Files</Filter>
    </ClInclude>
    <ClInclude Include="Scene.h">
      <Filter>Header Files</Filter>
    </ClInclude>
    <ClInclude Include="GameEvents.h">
      <Filter>Header Files</Filter>
    </ClInclude>
    <ClInclude Include="StatusBar.h">
      <Filter>Header Files</Filter>
    </ClInclude>
    <ClInclude Include="SpaceShip.h">
      <Filter>Header Files</Filter>
    </ClInclude>
    <ClInclude Include="Projectile.h">
      <Filter>Header Files</Filter>
    </ClInclude>
    <ClInclude Include="LaserBullet.h">
      <Filter>Header Files</Filter>
    </ClInclude>
    <ClInclude Include="TargetedMissile.h">
      <Filter>Header Files</Filter>
    </ClInclude>
    <ClInclude Include="SkillEquipment.h">
      <Filter>Header Files\Skills</Filter>
    </ClInclude>
    <ClInclude Include="HealShield.h">
      <Filter>Header Files\Skills</Filter>
    </ClInclude>
    <ClInclude Include="ParticleEffect.h">
      <Filter>Header Files\Effects</Filter>
    </ClInclude>
    <ClInclude Include="HealShieldEffect.h">
      <Filter>Header Files\Effects</Filter>
    </ClInclude>
    <ClInclude Include="Engine\AnimatedSprite.h">
      <Filter>Engine</Filter>
    </ClInclude>
    <ClInclude Include="ExplosionEffect.h">
      <Filter>Header Files\Effects</Filter>
    </ClInclude>
  </ItemGroup>
  <ItemGroup>
    <FxCompile Include="Engine\VertexShader.hlsl">
      <Filter>Engine</Filter>
    </FxCompile>
    <FxCompile Include="Engine\PixelShader.hlsl">
      <Filter>Engine</Filter>
    </FxCompile>
  </ItemGroup>
  <ItemGroup>
    <ResourceCompile Include="Voxx.rc">
      <Filter>Resource Files</Filter>
    </ResourceCompile>
  </ItemGroup>
  <ItemGroup>
    <Image Include="media\SynthPymLogo.ico">
      <Filter>Resource Files</Filter>
    </Image>
  </ItemGroup>
</Project>